
Microsoft Visual Studio Solution File, Format Version 12.00
# Visual Studio Version 17
VisualStudioVersion = 17.4.33213.308
MinimumVisualStudioVersion = 10.0.40219.1
Project("{FAE04EC0-301F-11D3-BF4B-00C04F79EFBC}") = "VenueBooking", "VenueBooking.csproj", "{01710E89-6E03-47DC-B02A-6B920FDBDE1C}"
EndProject
Global
	GlobalSection(SolutionConfigurationPlatforms) = preSolution
		Debug|Any CPU = Debug|Any CPU
		Release|Any CPU = Release|Any CPU
	EndGlobalSection
	GlobalSection(ProjectConfigurationPlatforms) = postSolution
		{01710E89-6E03-47DC-B02A-6B920FDBDE1C}.Debug|Any CPU.ActiveCfg = Debug|Any CPU
		{01710E89-6E03-47DC-B02A-6B920FDBDE1C}.Debug|Any CPU.Build.0 = Debug|Any CPU
		{01710E89-6E03-47DC-B02A-6B920FDBDE1C}.Release|Any CPU.ActiveCfg = Release|Any CPU
		{01710E89-6E03-47DC-B02A-6B920FDBDE1C}.Release|Any CPU.Build.0 = Release|Any CPU
	EndGlobalSection
	GlobalSection(SolutionProperties) = preSolution
		HideSolutionNode = FALSE
	EndGlobalSection
	GlobalSection(ExtensibilityGlobals) = postSolution
		SolutionGuid = {4D5401B2-ED65-4AC8-8F3C-BEEA0C592C20}
	EndGlobalSection
EndGlobal
